
Microsoft Visual Studio Solution File, Format Version 11.00
# Visual Studio 2010
Project("{2150E333-8FDC-42A3-9474-1A3956D46DE8}") = "lib", "lib", "{734A1EFB-7F46-4690-93BE-9CFBB55844B0}"
	ProjectSection(SolutionItems) = preProject
		lib\Iesi.Collections.dll = lib\Iesi.Collections.dll
		lib\log4net.dll = lib\log4net.dll
		lib\Moq.dll = lib\Moq.dll
		lib\NHibernate.ByteCode.Castle.dll = lib\NHibernate.ByteCode.Castle.dll
		lib\NHibernate.dll = lib\NHibernate.dll
		lib\nunit.framework.dll = lib\nunit.framework.dll
		lib\StructureMap.dll = lib\StructureMap.dll
		lib\System.Data.SQLite.dll = lib\System.Data.SQLite.dll
		lib\TechTalk.SpecFlow.dll = lib\TechTalk.SpecFlow.dll
	EndProjectSection
EndProject
Project("{2150E333-8FDC-42A3-9474-1A3956D46DE8}") = "docs", "docs", "{5A3E0A90-2C43-45C4-8D05-0437F2C48D5E}"
	ProjectSection(SolutionItems) = preProject
		docs\labinstruktioner.txt = docs\labinstruktioner.txt
		docs\Länkar.htm = docs\Länkar.htm
		docs\user stories.txt = docs\user stories.txt
	EndProjectSection
EndProject
Project("{FAE04EC0-301F-11D3-BF4B-00C04F79EFBC}") = "BDD.SpecFlow.Mock.Start", "BDD.SpecFlow.Mock.Start\BDD.SpecFlow.Mock.Start.csproj", "{14C02C61-A8D4-4D1F-BA24-C56E0195F1D6}"
EndProject
Project("{FAE04EC0-301F-11D3-BF4B-00C04F79EFBC}") = "BDD.SpecFlow.IoC.Start", "BDD.SpecFlow.IoC.Start\BDD.SpecFlow.IoC.Start.csproj", "{4AF96E12-6CA1-4B8A-8A2B-132948FBBEDA}"
EndProject
Project("{2150E333-8FDC-42A3-9474-1A3956D46DE8}") = "Start", "Start", "{8EFBA98A-4F9A-4E77-B716-29502C4A7808}"
EndProject
Project("{2150E333-8FDC-42A3-9474-1A3956D46DE8}") = "End", "End", "{5C91ECDB-2667-4BF9-BE60-9FD13D001792}"
EndProject
Project("{2150E333-8FDC-42A3-9474-1A3956D46DE8}") = "Labs", "Labs", "{43A3574A-7469-4191-8339-8AEC874F6640}"
EndProject
Project("{FAE04EC0-301F-11D3-BF4B-00C04F79EFBC}") = "BDD.SpecFlow.IoC.End", "BDD.SpecFlow.IoC.End\BDD.SpecFlow.IoC.End.csproj", "{2D592C3E-F985-48C8-A8C9-8981D07A499F}"
EndProject
Project("{FAE04EC0-301F-11D3-BF4B-00C04F79EFBC}") = "BDD.SpecFlow.Mock.End", "BDD.SpecFlow.Mock.End\BDD.SpecFlow.Mock.End.csproj", "{D07C94B0-38C2-4D39-9138-E3EB16C10A6F}"
EndProject
Global
	GlobalSection(SolutionConfigurationPlatforms) = preSolution
		Debug|Any CPU = Debug|Any CPU
		Release|Any CPU = Release|Any CPU
	EndGlobalSection
	GlobalSection(ProjectConfigurationPlatforms) = postSolution
		{14C02C61-A8D4-4D1F-BA24-C56E0195F1D6}.Debug|Any CPU.ActiveCfg = Debug|Any CPU
		{14C02C61-A8D4-4D1F-BA24-C56E0195F1D6}.Debug|Any CPU.Build.0 = Debug|Any CPU
		{14C02C61-A8D4-4D1F-BA24-C56E0195F1D6}.Release|Any CPU.ActiveCfg = Release|Any CPU
		{14C02C61-A8D4-4D1F-BA24-C56E0195F1D6}.Release|Any CPU.Build.0 = Release|Any CPU
		{4AF96E12-6CA1-4B8A-8A2B-132948FBBEDA}.Debug|Any CPU.ActiveCfg = Debug|Any CPU
		{4AF96E12-6CA1-4B8A-8A2B-132948FBBEDA}.Debug|Any CPU.Build.0 = Debug|Any CPU
		{4AF96E12-6CA1-4B8A-8A2B-132948FBBEDA}.Release|Any CPU.ActiveCfg = Release|Any CPU
		{4AF96E12-6CA1-4B8A-8A2B-132948FBBEDA}.Release|Any CPU.Build.0 = Release|Any CPU
		{2D592C3E-F985-48C8-A8C9-8981D07A499F}.Debug|Any CPU.ActiveCfg = Debug|Any CPU
		{2D592C3E-F985-48C8-A8C9-8981D07A499F}.Debug|Any CPU.Build.0 = Debug|Any CPU
		{2D592C3E-F985-48C8-A8C9-8981D07A499F}.Release|Any CPU.ActiveCfg = Release|Any CPU
		{2D592C3E-F985-48C8-A8C9-8981D07A499F}.Release|Any CPU.Build.0 = Release|Any CPU
		{D07C94B0-38C2-4D39-9138-E3EB16C10A6F}.Debug|Any CPU.ActiveCfg = Debug|Any CPU
		{D07C94B0-38C2-4D39-9138-E3EB16C10A6F}.Debug|Any CPU.Build.0 = Debug|Any CPU
		{D07C94B0-38C2-4D39-9138-E3EB16C10A6F}.Release|Any CPU.ActiveCfg = Release|Any CPU
		{D07C94B0-38C2-4D39-9138-E3EB16C10A6F}.Release|Any CPU.Build.0 = Release|Any CPU
	EndGlobalSection
	GlobalSection(SolutionProperties) = preSolution
		HideSolutionNode = FALSE
	EndGlobalSection
	GlobalSection(NestedProjects) = preSolution
		{8EFBA98A-4F9A-4E77-B716-29502C4A7808} = {43A3574A-7469-4191-8339-8AEC874F6640}
		{5C91ECDB-2667-4BF9-BE60-9FD13D001792} = {43A3574A-7469-4191-8339-8AEC874F6640}
		{4AF96E12-6CA1-4B8A-8A2B-132948FBBEDA} = {8EFBA98A-4F9A-4E77-B716-29502C4A7808}
		{14C02C61-A8D4-4D1F-BA24-C56E0195F1D6} = {8EFBA98A-4F9A-4E77-B716-29502C4A7808}
		{2D592C3E-F985-48C8-A8C9-8981D07A499F} = {5C91ECDB-2667-4BF9-BE60-9FD13D001792}
		{D07C94B0-38C2-4D39-9138-E3EB16C10A6F} = {5C91ECDB-2667-4BF9-BE60-9FD13D001792}
	EndGlobalSection
EndGlobal
